{
  "name": "primerProjecteMoreno",
  "lockfileVersion": 3,
  "requires": true,
  "packages": {
    "": {
      "dependencies": {
        "lucide": "^0.561.0"
      }
    },
    "node_modules/lucide": {
      "version": "0.561.0",
      "resolved": "https://registry.npmjs.org/lucide/-/lucide-0.561.0.tgz",
      "integrity": "sha512-XsOpN41YD1B5b05biTZhjlgPiiHXeRD9lqDmo30BKypzuXNiPKEXsGlsdvfHPa6CLP0Wv8Z2OYk2AHPrYkg5rw==",
      "license": "ISC"
    }
  }
}
